
Microsoft Visual Studio Solution File, Format Version 9.00
# Visual Studio 2005
Project("{FAE04EC0-301F-11D3-BF4B-00C04F79EFBC}") = "Presentation", "Presentation\Presentation.csproj", "{6E721A48-2330-4811-B37C-29E0F152EB61}"
EndProject
Project("{FAE04EC0-301F-11D3-BF4B-00C04F79EFBC}") = "BUS", "BUS\BUS.csproj", "{2502D618-290D-4D9E-B59E-6FD6882F5F66}"
EndProject
Project("{FAE04EC0-301F-11D3-BF4B-00C04F79EFBC}") = "DAO", "DAO\DAO.csproj", "{893B7565-2D43-4820-A4F8-18E50E0DA155}"
EndProject
Project("{FAE04EC0-301F-11D3-BF4B-00C04F79EFBC}") = "DTO", "DTO\DTO.csproj", "{986227E3-72A9-42C5-B4B3-64F8BF877262}"
EndProject
Global
	GlobalSection(SolutionConfigurationPlatforms) = preSolution
		Debug|Any CPU = Debug|Any CPU
		Release|Any CPU = Release|Any CPU
	EndGlobalSection
	GlobalSection(ProjectConfigurationPlatforms) = postSolution
		{6E721A48-2330-4811-B37C-29E0F152EB61}.Debug|Any CPU.ActiveCfg = Debug|Any CPU
		{6E721A48-2330-4811-B37C-29E0F152EB61}.Debug|Any CPU.Build.0 = Debug|Any CPU
		{6E721A48-2330-4811-B37C-29E0F152EB61}.Release|Any CPU.ActiveCfg = Release|Any CPU
		{6E721A48-2330-4811-B37C-29E0F152EB61}.Release|Any CPU.Build.0 = Release|Any CPU
		{2502D618-290D-4D9E-B59E-6FD6882F5F66}.Debug|Any CPU.ActiveCfg = Debug|Any CPU
		{2502D618-290D-4D9E-B59E-6FD6882F5F66}.Debug|Any CPU.Build.0 = Debug|Any CPU
		{2502D618-290D-4D9E-B59E-6FD6882F5F66}.Release|Any CPU.ActiveCfg = Release|Any CPU
		{2502D618-290D-4D9E-B59E-6FD6882F5F66}.Release|Any CPU.Build.0 = Release|Any CPU
		{893B7565-2D43-4820-A4F8-18E50E0DA155}.Debug|Any CPU.ActiveCfg = Debug|Any CPU
		{893B7565-2D43-4820-A4F8-18E50E0DA155}.Debug|Any CPU.Build.0 = Debug|Any CPU
		{893B7565-2D43-4820-A4F8-18E50E0DA155}.Release|Any CPU.ActiveCfg = Release|Any CPU
		{893B7565-2D43-4820-A4F8-18E50E0DA155}.Release|Any CPU.Build.0 = Release|Any CPU
		{986227E3-72A9-42C5-B4B3-64F8BF877262}.Debug|Any CPU.ActiveCfg = Debug|Any CPU
		{986227E3-72A9-42C5-B4B3-64F8BF877262}.Debug|Any CPU.Build.0 = Debug|Any CPU
		{986227E3-72A9-42C5-B4B3-64F8BF877262}.Release|Any CPU.ActiveCfg = Release|Any CPU
		{986227E3-72A9-42C5-B4B3-64F8BF877262}.Release|Any CPU.Build.0 = Release|Any CPU
	EndGlobalSection
	GlobalSection(SolutionProperties) = preSolution
		HideSolutionNode = FALSE
	EndGlobalSection
EndGlobal
