
Microsoft Visual Studio Solution File, Format Version 12.00
# Visual Studio 2013
VisualStudioVersion = 12.0.21005.1
MinimumVisualStudioVersion = 10.0.40219.1
Project("{FAE04EC0-301F-11D3-BF4B-00C04F79EFBC}") = "GiaoDienCoBan", "GiaoDienCoBan\GiaoDienCoBan.csproj", "{8AF9D463-392B-4780-9FDE-926FF4D4BBF6}"
EndProject
Project("{FAE04EC0-301F-11D3-BF4B-00C04F79EFBC}") = "demo", "demo\demo.csproj", "{B9BA4900-8483-4464-A4F9-9F270174D0A5}"
EndProject
Project("{FAE04EC0-301F-11D3-BF4B-00C04F79EFBC}") = "QuanLyThuVien", "QuanLyThuVien\QuanLyThuVien.csproj", "{8EE6FE24-A102-453D-859B-68C3FD353FCE}"
EndProject
Global
	GlobalSection(SolutionConfigurationPlatforms) = preSolution
		Debug|Any CPU = Debug|Any CPU
		Release|Any CPU = Release|Any CPU
	EndGlobalSection
	GlobalSection(ProjectConfigurationPlatforms) = postSolution
		{8AF9D463-392B-4780-9FDE-926FF4D4BBF6}.Debug|Any CPU.ActiveCfg = Debug|Any CPU
		{8AF9D463-392B-4780-9FDE-926FF4D4BBF6}.Debug|Any CPU.Build.0 = Debug|Any CPU
		{8AF9D463-392B-4780-9FDE-926FF4D4BBF6}.Release|Any CPU.ActiveCfg = Release|Any CPU
		{8AF9D463-392B-4780-9FDE-926FF4D4BBF6}.Release|Any CPU.Build.0 = Release|Any CPU
		{B9BA4900-8483-4464-A4F9-9F270174D0A5}.Debug|Any CPU.ActiveCfg = Debug|Any CPU
		{B9BA4900-8483-4464-A4F9-9F270174D0A5}.Debug|Any CPU.Build.0 = Debug|Any CPU
		{B9BA4900-8483-4464-A4F9-9F270174D0A5}.Release|Any CPU.ActiveCfg = Release|Any CPU
		{B9BA4900-8483-4464-A4F9-9F270174D0A5}.Release|Any CPU.Build.0 = Release|Any CPU
		{8EE6FE24-A102-453D-859B-68C3FD353FCE}.Debug|Any CPU.ActiveCfg = Debug|Any CPU
		{8EE6FE24-A102-453D-859B-68C3FD353FCE}.Debug|Any CPU.Build.0 = Debug|Any CPU
		{8EE6FE24-A102-453D-859B-68C3FD353FCE}.Release|Any CPU.ActiveCfg = Release|Any CPU
		{8EE6FE24-A102-453D-859B-68C3FD353FCE}.Release|Any CPU.Build.0 = Release|Any CPU
	EndGlobalSection
	GlobalSection(SolutionProperties) = preSolution
		HideSolutionNode = FALSE
	EndGlobalSection
EndGlobal
